Microsoft Visual Studio Solution File, Format Version 12.00
# Visual Studio Version 17
VisualStudioVersion = 17.5.2.0
MinimumVisualStudioVersion = 10.0.40219.1
Project("{FAE04EC0-301F-11D3-BF4B-00C04F79EFBC}") = "Streamiz", "Streamiz\Streamiz.csproj", "{9FFDB810-CE77-4A06-84F7-396A2311B35A}"
EndProject
Global
	GlobalSection(SolutionConfigurationPlatforms) = preSolution
		Debug|Any CPU = Debug|Any CPU
		Release|Any CPU = Release|Any CPU
	EndGlobalSection
	GlobalSection(ProjectConfigurationPlatforms) = postSolution
		{9FFDB810-CE77-4A06-84F7-396A2311B35A}.Debug|Any CPU.ActiveCfg = Debug|Any CPU
		{9FFDB810-CE77-4A06-84F7-396A2311B35A}.Debug|Any CPU.Build.0 = Debug|Any CPU
		{9FFDB810-CE77-4A06-84F7-396A2311B35A}.Release|Any CPU.ActiveCfg = Release|Any CPU
		{9FFDB810-CE77-4A06-84F7-396A2311B35A}.Release|Any CPU.Build.0 = Release|Any CPU
	EndGlobalSection
	GlobalSection(SolutionProperties) = preSolution
		HideSolutionNode = FALSE
	EndGlobalSection
	GlobalSection(ExtensibilityGlobals) = postSolution
		SolutionGuid = {98201EE1-08BC-4D76-BDB7-0A8E14EB3E65}
	EndGlobalSection
EndGlobal
